
Microsoft Visual Studio Solution File, Format Version 12.00
# Visual Studio Version 17
VisualStudioVersion = 17.1.32127.271
MinimumVisualStudioVersion = 10.0.40219.1
Project("{FAE04EC0-301F-11D3-BF4B-00C04F79EFBC}") = "ProjectTwo", "ProjectTwo\ProjectTwo.csproj", "{A8F81CEE-1981-4D95-8BCC-65050A55D4DB}"
EndProject
Global
	GlobalSection(SolutionConfigurationPlatforms) = preSolution
		Debug|Any CPU = Debug|Any CPU
		Release|Any CPU = Release|Any CPU
	EndGlobalSection
	GlobalSection(ProjectConfigurationPlatforms) = postSolution
		{A8F81CEE-1981-4D95-8BCC-65050A55D4DB}.Debug|Any CPU.ActiveCfg = Debug|Any CPU
		{A8F81CEE-1981-4D95-8BCC-65050A55D4DB}.Debug|Any CPU.Build.0 = Debug|Any CPU
		{A8F81CEE-1981-4D95-8BCC-65050A55D4DB}.Release|Any CPU.ActiveCfg = Release|Any CPU
		{A8F81CEE-1981-4D95-8BCC-65050A55D4DB}.Release|Any CPU.Build.0 = Release|Any CPU
	EndGlobalSection
	GlobalSection(SolutionProperties) = preSolution
		HideSolutionNode = FALSE
	EndGlobalSection
	GlobalSection(ExtensibilityGlobals) = postSolution
		SolutionGuid = {C79F134E-1735-4A71-8919-53099D526048}
	EndGlobalSection
EndGlobal
